github.com/chunqian/go-raylib v0.0.0-20210519095144-df36dae46c76 h1:U877cdvZt7iWAkTAXvn5GKnUDLimQcqySFHSMnXdb3o=
github.com/chunqian/go-raylib v0.0.0-20210519095144-df36dae46c76/go.mod h1:lO53v7LghC9S1kSY0uiohepLDmHbbntnQbOga2+px54=
github.com/gorilla/websocket v1.4.2 h1:+/TMaTYc4QFitKJxsQ7Yye35DkWvkdLcvGKqM+x0Ufc=
github.com/gorilla/websocket v1.4.2/go.mod h1:YR8l580nyteQvAITg2hZ9XVh4b55+EU/adAjf1fMHhE=
